// !$*UTF8*$!
{
	archiveVersion = 1;
	classes = {
	};
	objectVersion = 56;
	objects = {

/* Begin PBXBuildFile section */
		463523EF2BBC3A8B00F714F2 /* AppDelegate.swift in Sources */ = {isa = PBXBuildFile; fileRef = 463523EE2BBC3A8B00F714F2 /* AppDelegate.swift */; };
		463523F12BBC3A8B00F714F2 /* SceneDelegate.swift in Sources */ = {isa = PBXBuildFile; fileRef = 463523F02BBC3A8B00F714F2 /* SceneDelegate.swift */; };
		463523F32BBC3A8B00F714F2 /* ViewController.swift in Sources */ = {isa = PBXBuildFile; fileRef = 463523F22BBC3A8B00F714F2 /* ViewController.swift */; };
		463523F62BBC3A8B00F714F2 /* Base in Resources */ = {isa = PBXBuildFile; fileRef = 463523F52BBC3A8B00F714F2 /* Base */; };
		463523F82BBC3A8C00F714F2 /* Assets.xcassets in Resources */ = {isa = PBXBuildFile; fileRef = 463523F72BBC3A8C00F714F2 /* Assets.xcassets */; };
		463523FB2BBC3A8C00F714F2 /* Base in Resources */ = {isa = PBXBuildFile; fileRef = 463523FA2BBC3A8C00F714F2 /* Base */; };
		463524062BBC3A8C00F714F2 /* AppEventCountTests.swift in Sources */ = {isa = PBXBuildFile; fileRef = 463524052BBC3A8C00F714F2 /* AppEventCountTests.swift */; };
		463524102BBC3A8C00F714F2 /* AppEventCountUITests.swift in Sources */ = {isa = PBXBuildFile; fileRef = 4635240F2BBC3A8C00F714F2 /* AppEventCountUITests.swift */; };
		463524122BBC3A8C00F714F2 /* AppEventCountUITestsLaunchTests.swift in Sources */ = {isa = PBXBuildFile; fileRef = 463524112BBC3A8C00F714F2 /* AppEventCountUITestsLaunchTests.swift */; };
/* End PBXBuildFile section */

/* Begin PBXContainerItemProxy section */
		463524022BBC3A8C00F714F2 /* PBXContainerItemProxy */ = {
			isa = PBXContainerItemProxy;
			containerPortal = 463523E32BBC3A8A00F714F2 /* Project object */;
			proxyType = 1;
			remoteGlobalIDString = 463523EA2BBC3A8A00F714F2;
			remoteInfo = AppEventCount;
		};
		4635240C2BBC3A8C00F714F2 /* PBXContainerItemProxy */ = {
			isa = PBXContainerItemProxy;
			containerPortal = 463523E32BBC3A8A00F714F2 /* Project object */;
			proxyType = 1;
			remoteGlobalIDString = 463523EA2BBC3A8A00F714F2;
			remoteInfo = AppEventCount;
		};
/* End PBXContainerItemProxy section */

/* Begin PBXFileReference section */
		463523EB2BBC3A8B00F714F2 /* AppEventCount.app */ = {isa = PBXFileReference; explicitFileType = wrapper.application; includeInIndex = 0; path = AppEventCount.app; sourceTree = BUILT_PRODUCTS_DIR; };
		463523EE2BBC3A8B00F714F2 /* AppDelegate.swift */ = {isa = PBXFileReference; lastKnownFileType = sourcecode.swift; path = AppDelegate.swift; sourceTree = "<group>"; };
		463523F02BBC3A8B00F714F2 /* SceneDelegate.swift */ = {isa = PBXFileReference; lastKnownFileType = sourcecode.swift; path = SceneDelegate.swift; sourceTree = "<group>"; };
		463523F22BBC3A8B00F714F2 /* ViewController.swift */ = {isa = PBXFileReference; lastKnownFileType = sourcecode.swift; path = ViewController.swift; sourceTree = "<group>"; };
		463523F52BBC3A8B00F714F2 /* Base */ = {isa = PBXFileReference; lastKnownFileType = file.storyboard; name = Base; path = Base.lproj/Main.storyboard; sourceTree = "<group>"; };
		463523F72BBC3A8C00F714F2 /* Assets.xcassets */ = {isa = PBXFileReference; lastKnownFileType = folder.assetcatalog; path = Assets.xcassets; sourceTree = "<group>"; };
		463523FA2BBC3A8C00F714F2 /* Base */ = {isa = PBXFileReference; lastKnownFileType = file.storyboard; name = Base; path = Base.lproj/LaunchScreen.storyboard; sourceTree = "<group>"; };
		463523FC2BBC3A8C00F714F2 /* Info.plist */ = {isa = PBXFileReference; lastKnownFileType = text.plist.xml; path = Info.plist; sourceTree = "<group>"; };
		463524012BBC3A8C00F714F2 /* AppEventCountTests.xctest */ = {isa = PBXFileReference; explicitFileType = wrapper.cfbundle; includeInIndex = 0; path = AppEventCountTests.xctest; sourceTree = BUILT_PRODUCTS_DIR; };
		463524052BBC3A8C00F714F2 /* AppEventCountTests.swift */ = {isa = PBXFileReference; lastKnownFileType = sourcecode.swift; path = AppEventCountTests.swift; sourceTree = "<group>"; };
		4635240B2BBC3A8C00F714F2 /* AppEventCountUITests.xctest */ = {isa = PBXFileReference; explicitFileType = wrapper.cfbundle; includeInIndex = 0; path = AppEventCountUITests.xctest; sourceTree = BUILT_PRODUCTS_DIR; };
		4635240F2BBC3A8C00F714F2 /* AppEventCountUITests.swift */ = {isa = PBXFileReference; lastKnownFileType = sourcecode.swift; path = AppEventCountUITests.swift; sourceTree = "<group>"; };
		463524112BBC3A8C00F714F2 /* AppEventCountUITestsLaunchTests.swift */ = {isa = PBXFileReference; lastKnownFileType = sourcecode.swift; path = AppEventCountUITestsLaunchTests.swift; sourceTree = "<group>"; };
/* End PBXFileReference section */

/* Begin PBXFrameworksBuildPhase section */
		463523E82BBC3A8A00F714F2 /* Frameworks */ = {
			isa = PBXFrameworksBuildPhase;
			buildActionMask = 2147483647;
			files = (
			);
			runOnlyForDeploymentPostprocessing = 0;
		};
		463523FE2BBC3A8C00F714F2 /* Frameworks */ = {
			isa = PBXFrameworksBuildPhase;
			buildActionMask = 2147483647;
			files = (
			);
			runOnlyForDeploymentPostprocessing = 0;
		};
		463524082BBC3A8C00F714F2 /* Frameworks */ = {
			isa = PBXFrameworksBuildPhase;
			buildActionMask = 2147483647;
			files = (
			);
			runOnlyForDeploymentPostprocessing = 0;
		};
/* End PBXFrameworksBuildPhase section */

/* Begin PBXGroup section */
		463523E22BBC3A8A00F714F2 = {
			isa = PBXGroup;
			children = (
				463523ED2BBC3A8B00F714F2 /* AppEventCount */,
				463524042BBC3A8C00F714F2 /* AppEventCountTests */,
				4635240E2BBC3A8C00F714F2 /* AppEventCountUITests */,
				463523EC2BBC3A8B00F714F2 /* Products */,
			);
			sourceTree = "<group>";
		};
		463523EC2BBC3A8B00F714F2 /* Products */ = {
			isa = PBXGroup;
			children = (
				463523EB2BBC3A8B00F714F2 /* AppEventCount.app */,
				463524012BBC3A8C00F714F2 /* AppEventCountTests.xctest */,
				4635240B2BBC3A8C00F714F2 /* AppEventCountUITests.xctest */,
			);
			name = Products;
			sourceTree = "<group>";
		};
		463523ED2BBC3A8B00F714F2 /* AppEventCount */ = {
			isa = PBXGroup;
			children = (
				463523EE2BBC3A8B00F714F2 /* AppDelegate.swift */,
				463523F02BBC3A8B00F714F2 /* SceneDelegate.swift */,
				463523F22BBC3A8B00F714F2 /* ViewController.swift */,
				463523F42BBC3A8B00F714F2 /* Main.storyboard */,
				463523F72BBC3A8C00F714F2 /* Assets.xcassets */,
				463523F92BBC3A8C00F714F2 /* LaunchScreen.storyboard */,
				463523FC2BBC3A8C00F714F2 /* Info.plist */,
			);
			path = AppEventCount;
			sourceTree = "<group>";
		};
		463524042BBC3A8C00F714F2 /* AppEventCountTests */ = {
			isa = PBXGroup;
			children = (
				463524052BBC3A8C00F714F2 /* AppEventCountTests.swift */,
			);
			path = AppEventCountTests;
			sourceTree = "<group>";
		};
		4635240E2BBC3A8C00F714F2 /* AppEventCountUITests */ = {
			isa = PBXGroup;
			children = (
				4635240F2BBC3A8C00F714F2 /* AppEventCountUITests.swift */,
				463524112BBC3A8C00F714F2 /* AppEventCountUITestsLaunchTests.swift */,
			);
			path = AppEventCountUITests;
			sourceTree = "<group>";
		};
/* End PBXGroup section */

/* Begin PBXNativeTarget section */
		463523EA2BBC3A8A00F714F2 /* AppEventCount */ = {
			isa = PBXNativeTarget;
			buildConfigurationList = 463524152BBC3A8C00F714F2 /* Build configuration list for PBXNativeTarget "AppEventCount" */;
			buildPhases = (
				463523E72BBC3A8A00F714F2 /* Sources */,
				463523E82BBC3A8A00F714F2 /* Frameworks */,
				463523E92BBC3A8A00F714F2 /* Resources */,
			);
			buildRules = (
			);
			dependencies = (
			);
			name = AppEventCount;
			productName = AppEventCount;
			productReference = 463523EB2BBC3A8B00F714F2 /* AppEventCount.app */;
			productType = "com.apple.product-type.application";
		};
		463524002BBC3A8C00F714F2 /* AppEventCountTests */ = {
			isa = PBXNativeTarget;
			buildConfigurationList = 463524182BBC3A8C00F714F2 /* Build configuration list for PBXNativeTarget "AppEventCountTests" */;
			buildPhases = (
				463523FD2BBC3A8C00F714F2 /* Sources */,
				463523FE2BBC3A8C00F714F2 /* Frameworks */,
				463523FF2BBC3A8C00F714F2 /* Resources */,
			);
			buildRules = (
			);
			dependencies = (
				463524032BBC3A8C00F714F2 /* PBXTargetDependency */,
			);
			name = AppEventCountTests;
			productName = AppEventCountTests;
			productReference = 463524012BBC3A8C00F714F2 /* AppEventCountTests.xctest */;
			productType = "com.apple.product-type.bundle.unit-test";
		};
		4635240A2BBC3A8C00F714F2 /* AppEventCountUITests */ = {
			isa = PBXNativeTarget;
			buildConfigurationList = 4635241B2BBC3A8C00F714F2 /* Build configuration list for PBXNativeTarget "AppEventCountUITests" */;
			buildPhases = (
				463524072BBC3A8C00F714F2 /* Sources */,
				463524082BBC3A8C00F714F2 /* Frameworks */,
				463524092BBC3A8C00F714F2 /* Resources */,
			);
			buildRules = (
			);
			dependencies = (
				4635240D2BBC3A8C00F714F2 /* PBXTargetDependency */,
			);
			name = AppEventCountUITests;
			productName = AppEventCountUITests;
			productReference = 4635240B2BBC3A8C00F714F2 /* AppEventCountUITests.xctest */;
			productType = "com.apple.product-type.bundle.ui-testing";
		};
/* End PBXNativeTarget section */

/* Begin PBXProject section */
		463523E32BBC3A8A00F714F2 /* Project object */ = {
			isa = PBXProject;
			attributes = {
				BuildIndependentTargetsInParallel = 1;
				LastSwiftUpdateCheck = 1530;
				LastUpgradeCheck = 1530;
				TargetAttributes = {
					463523EA2BBC3A8A00F714F2 = {
						CreatedOnToolsVersion = 15.3;
					};
					463524002BBC3A8C00F714F2 = {
						CreatedOnToolsVersion = 15.3;
						TestTargetID = 463523EA2BBC3A8A00F714F2;
					};
					4635240A2BBC3A8C00F714F2 = {
						CreatedOnToolsVersion = 15.3;
						TestTargetID = 463523EA2BBC3A8A00F714F2;
					};
				};
			};
			buildConfigurationList = 463523E62BBC3A8A00F714F2 /* Build configuration list for PBXProject "AppEventCount" */;
			compatibilityVersion = "Xcode 14.0";
			developmentRegion = en;
			hasScannedForEncodings = 0;
			knownRegions = (
				en,
				Base,
			);
			mainGroup = 463523E22BBC3A8A00F714F2;
			productRefGroup = 463523EC2BBC3A8B00F714F2 /* Products */;
			projectDirPath = "";
			projectRoot = "";
			targets = (
				463523EA2BBC3A8A00F714F2 /* AppEventCount */,
				463524002BBC3A8C00F714F2 /* AppEventCountTests */,
				4635240A2BBC3A8C00F714F2 /* AppEventCountUITests */,
			);
		};
/* End PBXProject section */

/* Begin PBXResourcesBuildPhase section */
		463523E92BBC3A8A00F714F2 /* Resources */ = {
			isa = PBXResourcesBuildPhase;
			buildActionMask = 2147483647;
			files = (
				463523F82BBC3A8C00F714F2 /* Assets.xcassets in Resources */,
				463523FB2BBC3A8C00F714F2 /* Base in Resources */,
				463523F62BBC3A8B00F714F2 /* Base in Resources */,
			);
			runOnlyForDeploymentPostprocessing = 0;
		};
		463523FF2BBC3A8C00F714F2 /* Resources */ = {
			isa = PBXResourcesBuildPhase;
			buildActionMask = 2147483647;
			files = (
			);
			runOnlyForDeploymentPostprocessing = 0;
		};
		463524092BBC3A8C00F714F2 /* Resources */ = {
			isa = PBXResourcesBuildPhase;
			buildActionMask = 2147483647;
			files = (
			);
			runOnlyForDeploymentPostprocessing = 0;
		};
/* End PBXResourcesBuildPhase section */

/* Begin PBXSourcesBuildPhase section */
		463523E72BBC3A8A00F714F2 /* Sources */ = {
			isa = PBXSourcesBuildPhase;
			buildActionMask = 2147483647;
			files = (
				463523F32BBC3A8B00F714F2 /* ViewController.swift in Sources */,
				463523EF2BBC3A8B00F714F2 /* AppDelegate.swift in Sources */,
				463523F12BBC3A8B00F714F2 /* SceneDelegate.swift in Sources */,
			);
			runOnlyForDeploymentPostprocessing = 0;
		};
		463523FD2BBC3A8C00F714F2 /* Sources */ = {
			isa = PBXSourcesBuildPhase;
			buildActionMask = 2147483647;
			files = (
				463524062BBC3A8C00F714F2 /* AppEventCountTests.swift in Sources */,
			);
			runOnlyForDeploymentPostprocessing = 0;
		};
		463524072BBC3A8C00F714F2 /* Sources */ = {
			isa = PBXSourcesBuildPhase;
			buildActionMask = 2147483647;
			files = (
				463524102BBC3A8C00F714F2 /* AppEventCountUITests.swift in Sources */,
				463524122BBC3A8C00F714F2 /* AppEventCountUITestsLaunchTests.swift in Sources */,
			);
			runOnlyForDeploymentPostprocessing = 0;
		};
/* End PBXSourcesBuildPhase section */

/* Begin PBXTargetDependency section */
		463524032BBC3A8C00F714F2 /* PBXTargetDependency */ = {
			isa = PBXTargetDependency;
			target = 463523EA2BBC3A8A00F714F2 /* AppEventCount */;
			targetProxy = 463524022BBC3A8C00F714F2 /* PBXContainerItemProxy */;
		};
		4635240D2BBC3A8C00F714F2 /* PBXTargetDependency */ = {
			isa = PBXTargetDependency;
			target = 463523EA2BBC3A8A00F714F2 /* AppEventCount */;
			targetProxy = 4635240C2BBC3A8C00F714F2 /* PBXContainerItemProxy */;
		};
/* End PBXTargetDependency section */

/* Begin PBXVariantGroup section */
		463523F42BBC3A8B00F714F2 /* Main.storyboard */ = {
			isa = PBXVariantGroup;
			children = (
				463523F52BBC3A8B00F714F2 /* Base */,
			);
			name = Main.storyboard;
			sourceTree = "<group>";
		};
		463523F92BBC3A8C00F714F2 /* LaunchScreen.storyboard */ = {
			isa = PBXVariantGroup;
			children = (
				463523FA2BBC3A8C00F714F2 /* Base */,
			);
			name = LaunchScreen.storyboard;
			sourceTree = "<group>";
		};
/* End PBXVariantGroup section */

/* Begin XCBuildConfiguration section */
		463524132BBC3A8C00F714F2 /* Debug */ = {
			isa = XCBuildConfiguration;
			buildSettings = {
				ALWAYS_SEARCH_USER_PATHS = NO;
				ASSETCATALOG_COMPILER_GENERATE_SWIFT_ASSET_SYMBOL_EXTENSIONS = YES;
				CLANG_ANALYZER_NONNULL = YES;
				CLANG_ANALYZER_NUMBER_OBJECT_CONVERSION = YES_AGGRESSIVE;
				CLANG_CXX_LANGUAGE_STANDARD = "gnu++20";
				CLANG_ENABLE_MODULES = YES;
				CLANG_ENABLE_OBJC_ARC = YES;
				CLANG_ENABLE_OBJC_WEAK = YES;
				CLANG_WARN_BLOCK_CAPTURE_AUTORELEASING = YES;
				CLANG_WARN_BOOL_CONVERSION = YES;
				CLANG_WARN_COMMA = YES;
				CLANG_WARN_CONSTANT_CONVERSION = YES;
				CLANG_WARN_DEPRECATED_OBJC_IMPLEMENTATIONS = YES;
				CLANG_WARN_DIRECT_OBJC_ISA_USAGE = YES_ERROR;
				CLANG_WARN_DOCUMENTATION_COMMENTS = YES;
				CLANG_WARN_EMPTY_BODY = YES;
				CLANG_WARN_ENUM_CONVERSION = YES;
				CLANG_WARN_INFINITE_RECURSION = YES;
				CLANG_WARN_INT_CONVERSION = YES;
				CLANG_WARN_NON_LITERAL_NULL_CONVERSION = YES;
				CLANG_WARN_OBJC_IMPLICIT_RETAIN_SELF = YES;
				CLANG_WARN_OBJC_LITERAL_CONVERSION = YES;
				CLANG_WARN_OBJC_ROOT_CLASS = YES_ERROR;
				CLANG_WARN_QUOTED_INCLUDE_IN_FRAMEWORK_HEADER = YES;
				CLANG_WARN_RANGE_LOOP_ANALYSIS = YES;
				CLANG_WARN_STRICT_PROTOTYPES = YES;
				CLANG_WARN_SUSPICIOUS_MOVE = YES;
				CLANG_WARN_UNGUARDED_AVAILABILITY = YES_AGGRESSIVE;
				CLANG_WARN_UNREACHABLE_CODE = YES;
				CLANG_WARN__DUPLICATE_METHOD_MATCH = YES;
				COPY_PHASE_STRIP = NO;
				DEBUG_INFORMATION_FORMAT = dwarf;
				ENABLE_STRICT_OBJC_MSGSEND = YES;
				ENABLE_TESTABILITY = YES;
				ENABLE_USER_SCRIPT_SANDBOXING = YES;
				GCC_C_LANGUAGE_STANDARD = gnu17;
				GCC_DYNAMIC_NO_PIC = NO;
				GCC_NO_COMMON_BLOCKS = YES;
				GCC_OPTIMIZATION_LEVEL = 0;
				GCC_PREPROCESSOR_DEFINITIONS = (
					"DEBUG=1",
					"$(inherited)",
				);
				GCC_WARN_64_TO_32_BIT_CONVERSION = YES;
				GCC_WARN_ABOUT_RETURN_TYPE = YES_ERROR;
				GCC_WARN_UNDECLARED_SELECTOR = YES;
				GCC_WARN_UNINITIALIZED_AUTOS = YES_AGGRESSIVE;
				GCC_WARN_UNUSED_FUNCTION = YES;
				GCC_WARN_UNUSED_VARIABLE = YES;
				IPHONEOS_DEPLOYMENT_TARGET = 17.4;
				LOCALIZATION_PREFERS_STRING_CATALOGS = YES;
				MTL_ENABLE_DEBUG_INFO = INCLUDE_SOURCE;
				MTL_FAST_MATH = YES;
				ONLY_ACTIVE_ARCH = YES;
				SDKROOT = iphoneos;
				SWIFT_ACTIVE_COMPILATION_CONDITIONS = "DEBUG $(inherited)";
				SWIFT_OPTIMIZATION_LEVEL = "-Onone";
			};
			name = Debug;
		};
		463524142BBC3A8C00F714F2 /* Release */ = {
			isa = XCBuildConfiguration;
			buildSettings = {
				ALWAYS_SEARCH_USER_PATHS = NO;
				ASSETCATALOG_COMPILER_GENERATE_SWIFT_ASSET_SYMBOL_EXTENSIONS = YES;
				CLANG_ANALYZER_NONNULL = YES;
				CLANG_ANALYZER_NUMBER_OBJECT_CONVERSION = YES_AGGRESSIVE;
				CLANG_CXX_LANGUAGE_STANDARD = "gnu++20";
				CLANG_ENABLE_MODULES = YES;
				CLANG_ENABLE_OBJC_ARC = YES;
				CLANG_ENABLE_OBJC_WEAK = YES;
				CLANG_WARN_BLOCK_CAPTURE_AUTORELEASING = YES;
				CLANG_WARN_BOOL_CONVERSION = YES;
				CLANG_WARN_COMMA = YES;
				CLANG_WARN_CONSTANT_CONVERSION = YES;
				CLANG_WARN_DEPRECATED_OBJC_IMPLEMENTATIONS = YES;
				CLANG_WARN_DIRECT_OBJC_ISA_USAGE = YES_ERROR;
				CLANG_WARN_DOCUMENTATION_COMMENTS = YES;
				CLANG_WARN_EMPTY_BODY = YES;
				CLANG_WARN_ENUM_CONVERSION = YES;
				CLANG_WARN_INFINITE_RECURSION = YES;
				CLANG_WARN_INT_CONVERSION = YES;
				CLANG_WARN_NON_LITERAL_NULL_CONVERSION = YES;
				CLANG_WARN_OBJC_IMPLICIT_RETAIN_SELF = YES;
				CLANG_WARN_OBJC_LITERAL_CONVERSION = YES;
				CLANG_WARN_OBJC_ROOT_CLASS = YES_ERROR;
				CLANG_WARN_QUOTED_INCLUDE_IN_FRAMEWORK_HEADER = YES;
				CLANG_WARN_RANGE_LOOP_ANALYSIS = YES;
				CLANG_WARN_STRICT_PROTOTYPES = YES;
				CLANG_WARN_SUSPICIOUS_MOVE = YES;
				CLANG_WARN_UNGUARDED_AVAILABILITY = YES_AGGRESSIVE;
				CLANG_WARN_UNREACHABLE_CODE = YES;
				CLANG_WARN__DUPLICATE_METHOD_MATCH = YES;
				COPY_PHASE_STRIP = NO;
				DEBUG_INFORMATION_FORMAT = "dwarf-with-dsym";
				ENABLE_NS_ASSERTIONS = NO;
				ENABLE_STRICT_OBJC_MSGSEND = YES;
				ENABLE_USER_SCRIPT_SANDBOXING = YES;
				GCC_C_LANGUAGE_STANDARD = gnu17;
				GCC_NO_COMMON_BLOCKS = YES;
				GCC_WARN_64_TO_32_BIT_CONVERSION = YES;
				GCC_WARN_ABOUT_RETURN_TYPE = YES_ERROR;
				GCC_WARN_UNDECLARED_SELECTOR = YES;
				GCC_WARN_UNINITIALIZED_AUTOS = YES_AGGRESSIVE;
				GCC_WARN_UNUSED_FUNCTION = YES;
				GCC_WARN_UNUSED_VARIABLE = YES;
				IPHONEOS_DEPLOYMENT_TARGET = 17.4;
				LOCALIZATION_PREFERS_STRING_CATALOGS = YES;
				MTL_ENABLE_DEBUG_INFO = NO;
				MTL_FAST_MATH = YES;
				SDKROOT = iphoneos;
				SWIFT_COMPILATION_MODE = wholemodule;
				VALIDATE_PRODUCT = YES;
			};
			name = Release;
		};
		463524162BBC3A8C00F714F2 /* Debug */ = {
			isa = XCBuildConfiguration;
			buildSettings = {
				ASSETCATALOG_COMPILER_APPICON_NAME = AppIcon;
				ASSETCATALOG_COMPILER_GLOBAL_ACCENT_COLOR_NAME = AccentColor;
				CODE_SIGN_STYLE = Automatic;
				CURRENT_PROJECT_VERSION = 1;
				DEVELOPMENT_TEAM = 34658349V4;
				GENERATE_INFOPLIST_FILE = YES;
				INFOPLIST_FILE = AppEventCount/Info.plist;
				INFOPLIST_KEY_UIApplicationSupportsIndirectInputEvents = YES;
				INFOPLIST_KEY_UILaunchStoryboardName = LaunchScreen;
				INFOPLIST_KEY_UIMainStoryboardFile = Main;
				INFOPLIST_KEY_UISupportedInterfaceOrientations_iPad = "UIInterfaceOrientationPortrait UIInterfaceOrientationPortraitUpsideDown UIInterfaceOrientationLandscapeLeft UIInterfaceOrientationLandscapeRight";
				INFOPLIST_KEY_UISupportedInterfaceOrientations_iPhone = "UIInterfaceOrientationPortrait UIInterfaceOrientationLandscapeLeft UIInterfaceOrientationLandscapeRight";
				LD_RUNPATH_SEARCH_PATHS = (
					"$(inherited)",
					"@executable_path/Frameworks",
				);
				MARKETING_VERSION = 1.0;
				PRODUCT_BUNDLE_IDENTIFIER = xib.light.AppEventCount;
				PRODUCT_NAME = "$(TARGET_NAME)";
				SWIFT_EMIT_LOC_STRINGS = YES;
				SWIFT_VERSION = 5.0;
				TARGETED_DEVICE_FAMILY = "1,2";
			};
			name = Debug;
		};
		463524172BBC3A8C00F714F2 /* Release */ = {
			isa = XCBuildConfiguration;
			buildSettings = {
				ASSETCATALOG_COMPILER_APPICON_NAME = AppIcon;
				ASSETCATALOG_COMPILER_GLOBAL_ACCENT_COLOR_NAME = AccentColor;
				CODE_SIGN_STYLE = Automatic;
				CURRENT_PROJECT_VERSION = 1;
				DEVELOPMENT_TEAM = 34658349V4;
				GENERATE_INFOPLIST_FILE = YES;
				INFOPLIST_FILE = AppEventCount/Info.plist;
				INFOPLIST_KEY_UIApplicationSupportsIndirectInputEvents = YES;
				INFOPLIST_KEY_UILaunchStoryboardName = LaunchScreen;
				INFOPLIST_KEY_UIMainStoryboardFile = Main;
				INFOPLIST_KEY_UISupportedInterfaceOrientations_iPad = "UIInterfaceOrientationPortrait UIInterfaceOrientationPortraitUpsideDown UIInterfaceOrientationLandscapeLeft UIInterfaceOrientationLandscapeRight";
				INFOPLIST_KEY_UISupportedInterfaceOrientations_iPhone = "UIInterfaceOrientationPortrait UIInterfaceOrientationLandscapeLeft UIInterfaceOrientationLandscapeRight";
				LD_RUNPATH_SEARCH_PATHS = (
					"$(inherited)",
					"@executable_path/Frameworks",
				);
				MARKETING_VERSION = 1.0;
				PRODUCT_BUNDLE_IDENTIFIER = xib.light.AppEventCount;
				PRODUCT_NAME = "$(TARGET_NAME)";
				SWIFT_EMIT_LOC_STRINGS = YES;
				SWIFT_VERSION = 5.0;
				TARGETED_DEVICE_FAMILY = "1,2";
			};
			name = Release;
		};
		463524192BBC3A8C00F714F2 /* Debug */ = {
			isa = XCBuildConfiguration;
			buildSettings = {
				ALWAYS_EMBED_SWIFT_STANDARD_LIBRARIES = YES;
				BUNDLE_LOADER = "$(TEST_HOST)";
				CODE_SIGN_STYLE = Automatic;
				CURRENT_PROJECT_VERSION = 1;
				DEVELOPMENT_TEAM = 34658349V4;
				GENERATE_INFOPLIST_FILE = YES;
				IPHONEOS_DEPLOYMENT_TARGET = 17.4;
				MARKETING_VERSION = 1.0;
				PRODUCT_BUNDLE_IDENTIFIER = xib.light.AppEventCountTests;
				PRODUCT_NAME = "$(TARGET_NAME)";
				SWIFT_EMIT_LOC_STRINGS = NO;
				SWIFT_VERSION = 5.0;
				TARGETED_DEVICE_FAMILY = "1,2";
				TEST_HOST = "$(BUILT_PRODUCTS_DIR)/AppEventCount.app/$(BUNDLE_EXECUTABLE_FOLDER_PATH)/AppEventCount";
			};
			name = Debug;
		};
		4635241A2BBC3A8C00F714F2 /* Release */ = {
			isa = XCBuildConfiguration;
			buildSettings = {
				ALWAYS_EMBED_SWIFT_STANDARD_LIBRARIES = YES;
				BUNDLE_LOADER = "$(TEST_HOST)";
				CODE_SIGN_STYLE = Automatic;
				CURRENT_PROJECT_VERSION = 1;
				DEVELOPMENT_TEAM = 34658349V4;
				GENERATE_INFOPLIST_FILE = YES;
				IPHONEOS_DEPLOYMENT_TARGET = 17.4;
				MARKETING_VERSION = 1.0;
				PRODUCT_BUNDLE_IDENTIFIER = xib.light.AppEventCountTests;
				PRODUCT_NAME = "$(TARGET_NAME)";
				SWIFT_EMIT_LOC_STRINGS = NO;
				SWIFT_VERSION = 5.0;
				TARGETED_DEVICE_FAMILY = "1,2";
				TEST_HOST = "$(BUILT_PRODUCTS_DIR)/AppEventCount.app/$(BUNDLE_EXECUTABLE_FOLDER_PATH)/AppEventCount";
			};
			name = Release;
		};
		4635241C2BBC3A8C00F714F2 /* Debug */ = {
			isa = XCBuildConfiguration;
			buildSettings = {
				ALWAYS_EMBED_SWIFT_STANDARD_LIBRARIES = YES;
				CODE_SIGN_STYLE = Automatic;
				CURRENT_PROJECT_VERSION = 1;
				DEVELOPMENT_TEAM = 34658349V4;
				GENERATE_INFOPLIST_FILE = YES;
				MARKETING_VERSION = 1.0;
				PRODUCT_BUNDLE_IDENTIFIER = xib.light.AppEventCountUITests;
				PRODUCT_NAME = "$(TARGET_NAME)";
				SWIFT_EMIT_LOC_STRINGS = NO;
				SWIFT_VERSION = 5.0;
				TARGETED_DEVICE_FAMILY = "1,2";
				TEST_TARGET_NAME = AppEventCount;
			};
			name = Debug;
		};
		4635241D2BBC3A8C00F714F2 /* Release */ = {
			isa = XCBuildConfiguration;
			buildSettings = {
				ALWAYS_EMBED_SWIFT_STANDARD_LIBRARIES = YES;
				CODE_SIGN_STYLE = Automatic;
				CURRENT_PROJECT_VERSION = 1;
				DEVELOPMENT_TEAM = 34658349V4;
				GENERATE_INFOPLIST_FILE = YES;
				MARKETING_VERSION = 1.0;
				PRODUCT_BUNDLE_IDENTIFIER = xib.light.AppEventCountUITests;
				PRODUCT_NAME = "$(TARGET_NAME)";
				SWIFT_EMIT_LOC_STRINGS = NO;
				SWIFT_VERSION = 5.0;
				TARGETED_DEVICE_FAMILY = "1,2";
				TEST_TARGET_NAME = AppEventCount;
			};
			name = Release;
		};
/* End XCBuildConfiguration section */

/* Begin XCConfigurationList section */
		463523E62BBC3A8A00F714F2 /* Build configuration list for PBXProject "AppEventCount" */ = {
			isa = XCConfigurationList;
			buildConfigurations = (
				463524132BBC3A8C00F714F2 /* Debug */,
				463524142BBC3A8C00F714F2 /* Release */,
			);
			defaultConfigurationIsVisible = 0;
			defaultConfigurationName = Release;
		};
		463524152BBC3A8C00F714F2 /* Build configuration list for PBXNativeTarget "AppEventCount" */ = {
			isa = XCConfigurationList;
			buildConfigurations = (
				463524162BBC3A8C00F714F2 /* Debug */,
				463524172BBC3A8C00F714F2 /* Release */,
			);
			defaultConfigurationIsVisible = 0;
			defaultConfigurationName = Release;
		};
		463524182BBC3A8C00F714F2 /* Build configuration list for PBXNativeTarget "AppEventCountTests" */ = {
			isa = XCConfigurationList;
			buildConfigurations = (
				463524192BBC3A8C00F714F2 /* Debug */,
				4635241A2BBC3A8C00F714F2 /* Release */,
			);
			defaultConfigurationIsVisible = 0;
			defaultConfigurationName = Release;
		};
		4635241B2BBC3A8C00F714F2 /* Build configuration list for PBXNativeTarget "AppEventCountUITests" */ = {
			isa = XCConfigurationList;
			buildConfigurations = (
				4635241C2BBC3A8C00F714F2 /* Debug */,
				4635241D2BBC3A8C00F714F2 /* Release */,
			);
			defaultConfigurationIsVisible = 0;
			defaultConfigurationName = Release;
		};
/* End XCConfigurationList section */
	};
	rootObject = 463523E32BBC3A8A00F714F2 /* Project object */;
}
